
Microsoft Visual Studio Solution File, Format Version 11.00
# Visual Studio 2010
Project("{8BC9CEB8-8B4A-11D0-8D11-00A0C91BC942}") = "TestApp", "mbedtls\testapp.vcxproj", "{3F6F42EC-232C-46DA-AE43-CD05FE2D4419}"
EndProject
Project("{8BC9CEB8-8B4A-11D0-8D11-00A0C91BC942}") = "mbedTLS", "..\libs\mbedtls-2.6.0\visualc\VS2010\mbedTLS.vcxproj", "{46CF2D25-6A36-4189-B59C-E4815388E554}"
EndProject
Project("{8BC9CEB8-8B4A-11D0-8D11-00A0C91BC942}") = "xkelib", "..\..\xkelib\xkelib.vcxproj", "{DB9ACB3A-88BE-4438-AC9D-AE9C2A5C96D7}"
EndProject
Project("{8BC9CEB8-8B4A-11D0-8D11-00A0C91BC942}") = "AtgFramework", "..\..\ATG\AtgFramework2010.vcxproj", "{91D208A6-9936-47FD-9659-67205C3EB0AB}"
EndProject
Project("{2150E333-8FDC-42A3-9474-1A3956D46DE8}") = "Dependencies", "Dependencies", "{9B93A8E9-00AC-4AAA-AAD8-1A1F127A3114}"
EndProject
Global
	GlobalSection(SolutionConfigurationPlatforms) = preSolution
		Debug|Xbox 360 = Debug|Xbox 360
		Release_LTCG|Xbox 360 = Release_LTCG|Xbox 360
		Release|Xbox 360 = Release|Xbox 360
		Release20871.0|Xbox 360 = Release20871.0|Xbox 360
		Release21119.0|Xbox 360 = Release21119.0|Xbox 360
		Release21173.0|Xbox 360 = Release21173.0|Xbox 360
		Release21250.0|Xbox 360 = Release21250.0|Xbox 360
		Release21256.0|Xbox 360 = Release21256.0|Xbox 360
	EndGlobalSection
	GlobalSection(ProjectConfigurationPlatforms) = postSolution
		{3F6F42EC-232C-46DA-AE43-CD05FE2D4419}.Debug|Xbox 360.ActiveCfg = Debug|Xbox 360
		{3F6F42EC-232C-46DA-AE43-CD05FE2D4419}.Debug|Xbox 360.Build.0 = Debug|Xbox 360
		{3F6F42EC-232C-46DA-AE43-CD05FE2D4419}.Debug|Xbox 360.Deploy.0 = Debug|Xbox 360
		{3F6F42EC-232C-46DA-AE43-CD05FE2D4419}.Release_LTCG|Xbox 360.ActiveCfg = Release_LTCG|Xbox 360
		{3F6F42EC-232C-46DA-AE43-CD05FE2D4419}.Release_LTCG|Xbox 360.Build.0 = Release_LTCG|Xbox 360
		{3F6F42EC-232C-46DA-AE43-CD05FE2D4419}.Release_LTCG|Xbox 360.Deploy.0 = Release_LTCG|Xbox 360
		{3F6F42EC-232C-46DA-AE43-CD05FE2D4419}.Release|Xbox 360.ActiveCfg = Release_LTCG|Xbox 360
		{3F6F42EC-232C-46DA-AE43-CD05FE2D4419}.Release|Xbox 360.Build.0 = Release_LTCG|Xbox 360
		{3F6F42EC-232C-46DA-AE43-CD05FE2D4419}.Release|Xbox 360.Deploy.0 = Release_LTCG|Xbox 360
		{3F6F42EC-232C-46DA-AE43-CD05FE2D4419}.Release20871.0|Xbox 360.ActiveCfg = Release_LTCG|Xbox 360
		{3F6F42EC-232C-46DA-AE43-CD05FE2D4419}.Release20871.0|Xbox 360.Build.0 = Release_LTCG|Xbox 360
		{3F6F42EC-232C-46DA-AE43-CD05FE2D4419}.Release20871.0|Xbox 360.Deploy.0 = Release_LTCG|Xbox 360
		{3F6F42EC-232C-46DA-AE43-CD05FE2D4419}.Release21119.0|Xbox 360.ActiveCfg = Release_LTCG|Xbox 360
		{3F6F42EC-232C-46DA-AE43-CD05FE2D4419}.Release21119.0|Xbox 360.Build.0 = Release_LTCG|Xbox 360
		{3F6F42EC-232C-46DA-AE43-CD05FE2D4419}.Release21119.0|Xbox 360.Deploy.0 = Release_LTCG|Xbox 360
		{3F6F42EC-232C-46DA-AE43-CD05FE2D4419}.Release21173.0|Xbox 360.ActiveCfg = Release_LTCG|Xbox 360
		{3F6F42EC-232C-46DA-AE43-CD05FE2D4419}.Release21173.0|Xbox 360.Build.0 = Release_LTCG|Xbox 360
		{3F6F42EC-232C-46DA-AE43-CD05FE2D4419}.Release21173.0|Xbox 360.Deploy.0 = Release_LTCG|Xbox 360
		{3F6F42EC-232C-46DA-AE43-CD05FE2D4419}.Release21250.0|Xbox 360.ActiveCfg = Release_LTCG|Xbox 360
		{3F6F42EC-232C-46DA-AE43-CD05FE2D4419}.Release21250.0|Xbox 360.Build.0 = Release_LTCG|Xbox 360
		{3F6F42EC-232C-46DA-AE43-CD05FE2D4419}.Release21250.0|Xbox 360.Deploy.0 = Release_LTCG|Xbox 360
		{3F6F42EC-232C-46DA-AE43-CD05FE2D4419}.Release21256.0|Xbox 360.ActiveCfg = Release_LTCG|Xbox 360
		{3F6F42EC-232C-46DA-AE43-CD05FE2D4419}.Release21256.0|Xbox 360.Build.0 = Release_LTCG|Xbox 360
		{3F6F42EC-232C-46DA-AE43-CD05FE2D4419}.Release21256.0|Xbox 360.Deploy.0 = Release_LTCG|Xbox 360
		{46CF2D25-6A36-4189-B59C-E4815388E554}.Debug|Xbox 360.ActiveCfg = Debug|Xbox 360
		{46CF2D25-6A36-4189-B59C-E4815388E554}.Debug|Xbox 360.Build.0 = Debug|Xbox 360
		{46CF2D25-6A36-4189-B59C-E4815388E554}.Release_LTCG|Xbox 360.ActiveCfg = Release|Xbox 360
		{46CF2D25-6A36-4189-B59C-E4815388E554}.Release_LTCG|Xbox 360.Build.0 = Release|Xbox 360
		{46CF2D25-6A36-4189-B59C-E4815388E554}.Release|Xbox 360.ActiveCfg = Release|Xbox 360
		{46CF2D25-6A36-4189-B59C-E4815388E554}.Release|Xbox 360.Build.0 = Release|Xbox 360
		{46CF2D25-6A36-4189-B59C-E4815388E554}.Release|Xbox 360.Deploy.0 = Release|Xbox 360
		{46CF2D25-6A36-4189-B59C-E4815388E554}.Release20871.0|Xbox 360.ActiveCfg = Release|Xbox 360
		{46CF2D25-6A36-4189-B59C-E4815388E554}.Release20871.0|Xbox 360.Build.0 = Release|Xbox 360
		{46CF2D25-6A36-4189-B59C-E4815388E554}.Release20871.0|Xbox 360.Deploy.0 = Release|Xbox 360
		{46CF2D25-6A36-4189-B59C-E4815388E554}.Release21119.0|Xbox 360.ActiveCfg = Release|Xbox 360
		{46CF2D25-6A36-4189-B59C-E4815388E554}.Release21119.0|Xbox 360.Build.0 = Release|Xbox 360
		{46CF2D25-6A36-4189-B59C-E4815388E554}.Release21119.0|Xbox 360.Deploy.0 = Release|Xbox 360
		{46CF2D25-6A36-4189-B59C-E4815388E554}.Release21173.0|Xbox 360.ActiveCfg = Release|Xbox 360
		{46CF2D25-6A36-4189-B59C-E4815388E554}.Release21173.0|Xbox 360.Build.0 = Release|Xbox 360
		{46CF2D25-6A36-4189-B59C-E4815388E554}.Release21173.0|Xbox 360.Deploy.0 = Release|Xbox 360
		{46CF2D25-6A36-4189-B59C-E4815388E554}.Release21250.0|Xbox 360.ActiveCfg = Release|Xbox 360
		{46CF2D25-6A36-4189-B59C-E4815388E554}.Release21250.0|Xbox 360.Build.0 = Release|Xbox 360
		{46CF2D25-6A36-4189-B59C-E4815388E554}.Release21250.0|Xbox 360.Deploy.0 = Release|Xbox 360
		{46CF2D25-6A36-4189-B59C-E4815388E554}.Release21256.0|Xbox 360.ActiveCfg = Release|Xbox 360
		{46CF2D25-6A36-4189-B59C-E4815388E554}.Release21256.0|Xbox 360.Build.0 = Release|Xbox 360
		{46CF2D25-6A36-4189-B59C-E4815388E554}.Release21256.0|Xbox 360.Deploy.0 = Release|Xbox 360
		{DB9ACB3A-88BE-4438-AC9D-AE9C2A5C96D7}.Debug|Xbox 360.ActiveCfg = Release21256.0|Xbox 360
		{DB9ACB3A-88BE-4438-AC9D-AE9C2A5C96D7}.Debug|Xbox 360.Build.0 = Release21256.0|Xbox 360
		{DB9ACB3A-88BE-4438-AC9D-AE9C2A5C96D7}.Release_LTCG|Xbox 360.ActiveCfg = Release21256.0|Xbox 360
		{DB9ACB3A-88BE-4438-AC9D-AE9C2A5C96D7}.Release_LTCG|Xbox 360.Build.0 = Release21256.0|Xbox 360
		{DB9ACB3A-88BE-4438-AC9D-AE9C2A5C96D7}.Release|Xbox 360.ActiveCfg = Release21256.0|Xbox 360
		{DB9ACB3A-88BE-4438-AC9D-AE9C2A5C96D7}.Release|Xbox 360.Build.0 = Release21256.0|Xbox 360
		{DB9ACB3A-88BE-4438-AC9D-AE9C2A5C96D7}.Release|Xbox 360.Deploy.0 = Release21256.0|Xbox 360
		{DB9ACB3A-88BE-4438-AC9D-AE9C2A5C96D7}.Release20871.0|Xbox 360.ActiveCfg = Release20871.0|Xbox 360
		{DB9ACB3A-88BE-4438-AC9D-AE9C2A5C96D7}.Release20871.0|Xbox 360.Build.0 = Release20871.0|Xbox 360
		{DB9ACB3A-88BE-4438-AC9D-AE9C2A5C96D7}.Release20871.0|Xbox 360.Deploy.0 = Release20871.0|Xbox 360
		{DB9ACB3A-88BE-4438-AC9D-AE9C2A5C96D7}.Release21119.0|Xbox 360.ActiveCfg = Release21119.0|Xbox 360
		{DB9ACB3A-88BE-4438-AC9D-AE9C2A5C96D7}.Release21119.0|Xbox 360.Build.0 = Release21119.0|Xbox 360
		{DB9ACB3A-88BE-4438-AC9D-AE9C2A5C96D7}.Release21119.0|Xbox 360.Deploy.0 = Release21119.0|Xbox 360
		{DB9ACB3A-88BE-4438-AC9D-AE9C2A5C96D7}.Release21173.0|Xbox 360.ActiveCfg = Release21173.0|Xbox 360
		{DB9ACB3A-88BE-4438-AC9D-AE9C2A5C96D7}.Release21173.0|Xbox 360.Build.0 = Release21173.0|Xbox 360
		{DB9ACB3A-88BE-4438-AC9D-AE9C2A5C96D7}.Release21173.0|Xbox 360.Deploy.0 = Release21173.0|Xbox 360
		{DB9ACB3A-88BE-4438-AC9D-AE9C2A5C96D7}.Release21250.0|Xbox 360.ActiveCfg = Release21250.0|Xbox 360
		{DB9ACB3A-88BE-4438-AC9D-AE9C2A5C96D7}.Release21250.0|Xbox 360.Build.0 = Release21250.0|Xbox 360
		{DB9ACB3A-88BE-4438-AC9D-AE9C2A5C96D7}.Release21250.0|Xbox 360.Deploy.0 = Release21250.0|Xbox 360
		{DB9ACB3A-88BE-4438-AC9D-AE9C2A5C96D7}.Release21256.0|Xbox 360.ActiveCfg = Release21256.0|Xbox 360
		{DB9ACB3A-88BE-4438-AC9D-AE9C2A5C96D7}.Release21256.0|Xbox 360.Build.0 = Release21256.0|Xbox 360
		{DB9ACB3A-88BE-4438-AC9D-AE9C2A5C96D7}.Release21256.0|Xbox 360.Deploy.0 = Release21256.0|Xbox 360
		{91D208A6-9936-47FD-9659-67205C3EB0AB}.Debug|Xbox 360.ActiveCfg = Debug|Xbox 360
		{91D208A6-9936-47FD-9659-67205C3EB0AB}.Debug|Xbox 360.Build.0 = Debug|Xbox 360
		{91D208A6-9936-47FD-9659-67205C3EB0AB}.Debug|Xbox 360.Deploy.0 = Debug|Xbox 360
		{91D208A6-9936-47FD-9659-67205C3EB0AB}.Release_LTCG|Xbox 360.ActiveCfg = Release_LTCG|Xbox 360
		{91D208A6-9936-47FD-9659-67205C3EB0AB}.Release_LTCG|Xbox 360.Build.0 = Release_LTCG|Xbox 360
		{91D208A6-9936-47FD-9659-67205C3EB0AB}.Release_LTCG|Xbox 360.Deploy.0 = Release_LTCG|Xbox 360
		{91D208A6-9936-47FD-9659-67205C3EB0AB}.Release|Xbox 360.ActiveCfg = Release_LTCG|Xbox 360
		{91D208A6-9936-47FD-9659-67205C3EB0AB}.Release|Xbox 360.Build.0 = Release_LTCG|Xbox 360
		{91D208A6-9936-47FD-9659-67205C3EB0AB}.Release|Xbox 360.Deploy.0 = Release_LTCG|Xbox 360
		{91D208A6-9936-47FD-9659-67205C3EB0AB}.Release20871.0|Xbox 360.ActiveCfg = Release_LTCG|Xbox 360
		{91D208A6-9936-47FD-9659-67205C3EB0AB}.Release20871.0|Xbox 360.Build.0 = Release_LTCG|Xbox 360
		{91D208A6-9936-47FD-9659-67205C3EB0AB}.Release20871.0|Xbox 360.Deploy.0 = Release_LTCG|Xbox 360
		{91D208A6-9936-47FD-9659-67205C3EB0AB}.Release21119.0|Xbox 360.ActiveCfg = Release_LTCG|Xbox 360
		{91D208A6-9936-47FD-9659-67205C3EB0AB}.Release21119.0|Xbox 360.Build.0 = Release_LTCG|Xbox 360
		{91D208A6-9936-47FD-9659-67205C3EB0AB}.Release21119.0|Xbox 360.Deploy.0 = Release_LTCG|Xbox 360
		{91D208A6-9936-47FD-9659-67205C3EB0AB}.Release21173.0|Xbox 360.ActiveCfg = Release_LTCG|Xbox 360
		{91D208A6-9936-47FD-9659-67205C3EB0AB}.Release21173.0|Xbox 360.Build.0 = Release_LTCG|Xbox 360
		{91D208A6-9936-47FD-9659-67205C3EB0AB}.Release21173.0|Xbox 360.Deploy.0 = Release_LTCG|Xbox 360
		{91D208A6-9936-47FD-9659-67205C3EB0AB}.Release21250.0|Xbox 360.ActiveCfg = Release_LTCG|Xbox 360
		{91D208A6-9936-47FD-9659-67205C3EB0AB}.Release21250.0|Xbox 360.Build.0 = Release_LTCG|Xbox 360
		{91D208A6-9936-47FD-9659-67205C3EB0AB}.Release21250.0|Xbox 360.Deploy.0 = Release_LTCG|Xbox 360
		{91D208A6-9936-47FD-9659-67205C3EB0AB}.Release21256.0|Xbox 360.ActiveCfg = Release_LTCG|Xbox 360
		{91D208A6-9936-47FD-9659-67205C3EB0AB}.Release21256.0|Xbox 360.Build.0 = Release_LTCG|Xbox 360
		{91D208A6-9936-47FD-9659-67205C3EB0AB}.Release21256.0|Xbox 360.Deploy.0 = Release_LTCG|Xbox 360
	EndGlobalSection
	GlobalSection(SolutionProperties) = preSolution
		HideSolutionNode = FALSE
	EndGlobalSection
	GlobalSection(NestedProjects) = preSolution
		{91D208A6-9936-47FD-9659-67205C3EB0AB} = {9B93A8E9-00AC-4AAA-AAD8-1A1F127A3114}
		{46CF2D25-6A36-4189-B59C-E4815388E554} = {9B93A8E9-00AC-4AAA-AAD8-1A1F127A3114}
		{DB9ACB3A-88BE-4438-AC9D-AE9C2A5C96D7} = {9B93A8E9-00AC-4AAA-AAD8-1A1F127A3114}
	EndGlobalSection
EndGlobal
